
Microsoft Visual Studio Solution File, Format Version 12.00
# Visual Studio Version 16
VisualStudioVersion = 16.0.29728.190
MinimumVisualStudioVersion = 10.0.40219.1
Project("{FAE04EC0-301F-11D3-BF4B-00C04F79EFBC}") = "MessageSender-MVC", "MessageSender-MVC\MessageSender-MVC.csproj", "{1B2DEF38-8F9F-4851-B812-7A076A4EF126}"
EndProject
Global
	GlobalSection(SolutionConfigurationPlatforms) = preSolution
		Debug|Any CPU = Debug|Any CPU
		Release|Any CPU = Release|Any CPU
	EndGlobalSection
	GlobalSection(ProjectConfigurationPlatforms) = postSolution
		{1B2DEF38-8F9F-4851-B812-7A076A4EF126}.Debug|Any CPU.ActiveCfg = Debug|Any CPU
		{1B2DEF38-8F9F-4851-B812-7A076A4EF126}.Debug|Any CPU.Build.0 = Debug|Any CPU
		{1B2DEF38-8F9F-4851-B812-7A076A4EF126}.Release|Any CPU.ActiveCfg = Release|Any CPU
		{1B2DEF38-8F9F-4851-B812-7A076A4EF126}.Release|Any CPU.Build.0 = Release|Any CPU
	EndGlobalSection
	GlobalSection(SolutionProperties) = preSolution
		HideSolutionNode = FALSE
	EndGlobalSection
	GlobalSection(ExtensibilityGlobals) = postSolution
		SolutionGuid = {4DAAC895-CCFF-412F-95B9-BE385F380569}
	EndGlobalSection
EndGlobal
